// !$*UTF8*$!
{
	archiveVersion = 1;
	classes = {
	};
	objectVersion = 51;
	objects = {

/* Begin PBXBuildFile section */
		068F0E2D256D66700093C8BD /* Register.storyboard in Resources */ = {isa = PBXBuildFile; fileRef = 068F0E2C256D66700093C8BD /* Register.storyboard */; };
		068F0E61256D71560093C8BD /* ForgotPWViewController.swift in Sources */ = {isa = PBXBuildFile; fileRef = 068F0E60256D71560093C8BD /* ForgotPWViewController.swift */; };
		068F0EB3256E74080093C8BD /* Report.storyboard in Resources */ = {isa = PBXBuildFile; fileRef = 068F0EB2256E74080093C8BD /* Report.storyboard */; };
		068F0EBD256E88E50093C8BD /* ReportViewController.swift in Sources */ = {isa = PBXBuildFile; fileRef = 068F0EBC256E88E50093C8BD /* ReportViewController.swift */; };
		5C5AB597FBB0DEA354C63C2B /* Pods_poochaser.framework in Frameworks */ = {isa = PBXBuildFile; fileRef = 74C09E21F18239AA3B48755F /* Pods_poochaser.framework */; };
		96241E1C24E51E0D001B5948 /* RegisterViewController.swift in Sources */ = {isa = PBXBuildFile; fileRef = 96241E1B24E51E0D001B5948 /* RegisterViewController.swift */; };
		964101E324EED38100C691C0 /* DailyAddViewController.swift in Sources */ = {isa = PBXBuildFile; fileRef = 964101E224EED38100C691C0 /* DailyAddViewController.swift */; };
		964101E524EF606200C691C0 /* DailyTableViewCell.swift in Sources */ = {isa = PBXBuildFile; fileRef = 964101E424EF606200C691C0 /* DailyTableViewCell.swift */; };
		96575E3F24E3C051009B4FFF /* AppDelegate.swift in Sources */ = {isa = PBXBuildFile; fileRef = 96575E3E24E3C051009B4FFF /* AppDelegate.swift */; };
		96575E4124E3C051009B4FFF /* SceneDelegate.swift in Sources */ = {isa = PBXBuildFile; fileRef = 96575E4024E3C051009B4FFF /* SceneDelegate.swift */; };
		96575E4324E3C051009B4FFF /* ViewController.swift in Sources */ = {isa = PBXBuildFile; fileRef = 96575E4224E3C051009B4FFF /* ViewController.swift */; };
		96575E4624E3C051009B4FFF /* Main.storyboard in Resources */ = {isa = PBXBuildFile; fileRef = 96575E4424E3C051009B4FFF /* Main.storyboard */; };
		96575E4824E3C054009B4FFF /* Assets.xcassets in Resources */ = {isa = PBXBuildFile; fileRef = 96575E4724E3C054009B4FFF /* Assets.xcassets */; };
		96575E4B24E3C054009B4FFF /* LaunchScreen.storyboard in Resources */ = {isa = PBXBuildFile; fileRef = 96575E4924E3C054009B4FFF /* LaunchScreen.storyboard */; };
		96575E6224E3C4D8009B4FFF /* LoginViewController.swift in Sources */ = {isa = PBXBuildFile; fileRef = 96575E6124E3C4D8009B4FFF /* LoginViewController.swift */; };
		96B9FCA125651585001C2A87 /* CalendarViewController.swift in Sources */ = {isa = PBXBuildFile; fileRef = 96B9FCA025651585001C2A87 /* CalendarViewController.swift */; };
		96D5443024E6B13100C653C1 /* SettingViewController.swift in Sources */ = {isa = PBXBuildFile; fileRef = 96D5442F24E6B13100C653C1 /* SettingViewController.swift */; };
		96EDFEA824F827C10000FFFB /* DailyDetailViewController.swift in Sources */ = {isa = PBXBuildFile; fileRef = 96EDFEA724F827C10000FFFB /* DailyDetailViewController.swift */; };
		96EDFEAA24FBF1E30000FFFB /* GoogleService-Info.plist in Resources */ = {isa = PBXBuildFile; fileRef = 96EDFEA924FBF1E30000FFFB /* GoogleService-Info.plist */; };
/* End PBXBuildFile section */

/* Begin PBXFileReference section */
		068F0E2C256D66700093C8BD /* Register.storyboard */ = {isa = PBXFileReference; lastKnownFileType = file.storyboard; path = Register.storyboard; sourceTree = "<group>"; };
		068F0E60256D71560093C8BD /* ForgotPWViewController.swift */ = {isa = PBXFileReference; lastKnownFileType = sourcecode.swift; path = ForgotPWViewController.swift; sourceTree = "<group>"; };
		068F0EB2256E74080093C8BD /* Report.storyboard */ = {isa = PBXFileReference; lastKnownFileType = file.storyboard; path = Report.storyboard; sourceTree = "<group>"; };
		068F0EBC256E88E50093C8BD /* ReportViewController.swift */ = {isa = PBXFileReference; lastKnownFileType = sourcecode.swift; path = ReportViewController.swift; sourceTree = "<group>"; };
		23B3B21A0A05C50343CE155D /* Pods-poochaser.release.xcconfig */ = {isa = PBXFileReference; includeInIndex = 1; lastKnownFileType = text.xcconfig; name = "Pods-poochaser.release.xcconfig"; path = "Target Support Files/Pods-poochaser/Pods-poochaser.release.xcconfig"; sourceTree = "<group>"; };
		74C09E21F18239AA3B48755F /* Pods_poochaser.framework */ = {isa = PBXFileReference; explicitFileType = wrapper.framework; includeInIndex = 0; path = Pods_poochaser.framework; sourceTree = BUILT_PRODUCTS_DIR; };
		96241E1B24E51E0D001B5948 /* RegisterViewController.swift */ = {isa = PBXFileReference; lastKnownFileType = sourcecode.swift; path = RegisterViewController.swift; sourceTree = "<group>"; };
		964101E224EED38100C691C0 /* DailyAddViewController.swift */ = {isa = PBXFileReference; lastKnownFileType = sourcecode.swift; path = DailyAddViewController.swift; sourceTree = "<group>"; };
		964101E424EF606200C691C0 /* DailyTableViewCell.swift */ = {isa = PBXFileReference; lastKnownFileType = sourcecode.swift; path = DailyTableViewCell.swift; sourceTree = "<group>"; };
		96575E3B24E3C051009B4FFF /* poochaser.app */ = {isa = PBXFileReference; explicitFileType = wrapper.application; includeInIndex = 0; path = poochaser.app; sourceTree = BUILT_PRODUCTS_DIR; };
		96575E3E24E3C051009B4FFF /* AppDelegate.swift */ = {isa = PBXFileReference; lastKnownFileType = sourcecode.swift; path = AppDelegate.swift; sourceTree = "<group>"; };
		96575E4024E3C051009B4FFF /* SceneDelegate.swift */ = {isa = PBXFileReference; lastKnownFileType = sourcecode.swift; path = SceneDelegate.swift; sourceTree = "<group>"; };
		96575E4224E3C051009B4FFF /* ViewController.swift */ = {isa = PBXFileReference; lastKnownFileType = sourcecode.swift; path = ViewController.swift; sourceTree = "<group>"; };
		96575E4524E3C051009B4FFF /* Base */ = {isa = PBXFileReference; lastKnownFileType = file.storyboard; name = Base; path = Base.lproj/Main.storyboard; sourceTree = "<group>"; };
		96575E4724E3C054009B4FFF /* Assets.xcassets */ = {isa = PBXFileReference; lastKnownFileType = folder.assetcatalog; path = Assets.xcassets; sourceTree = "<group>"; };
		96575E4A24E3C054009B4FFF /* Base */ = {isa = PBXFileReference; lastKnownFileType = file.storyboard; name = Base; path = Base.lproj/LaunchScreen.storyboard; sourceTree = "<group>"; };
		96575E4C24E3C054009B4FFF /* Info.plist */ = {isa = PBXFileReference; lastKnownFileType = text.plist.xml; path = Info.plist; sourceTree = "<group>"; };
		96575E6124E3C4D8009B4FFF /* LoginViewController.swift */ = {isa = PBXFileReference; lastKnownFileType = sourcecode.swift; path = LoginViewController.swift; sourceTree = "<group>"; };
		96B9FCA025651585001C2A87 /* CalendarViewController.swift */ = {isa = PBXFileReference; lastKnownFileType = sourcecode.swift; path = CalendarViewController.swift; sourceTree = "<group>"; };
		96D5442F24E6B13100C653C1 /* SettingViewController.swift */ = {isa = PBXFileReference; lastKnownFileType = sourcecode.swift; path = SettingViewController.swift; sourceTree = "<group>"; };
		96EDFEA724F827C10000FFFB /* DailyDetailViewController.swift */ = {isa = PBXFileReference; lastKnownFileType = sourcecode.swift; path = DailyDetailViewController.swift; sourceTree = "<group>"; };
		96EDFEA924FBF1E30000FFFB /* GoogleService-Info.plist */ = {isa = PBXFileReference; fileEncoding = 4; lastKnownFileType = text.plist.xml; path = "GoogleService-Info.plist"; sourceTree = "<group>"; };
		B391AACC56B197E162360654 /* Pods-poochaser.debug.xcconfig */ = {isa = PBXFileReference; includeInIndex = 1; lastKnownFileType = text.xcconfig; name = "Pods-poochaser.debug.xcconfig"; path = "Target Support Files/Pods-poochaser/Pods-poochaser.debug.xcconfig"; sourceTree = "<group>"; };
/* End PBXFileReference section */

/* Begin PBXFrameworksBuildPhase section */
		96575E3824E3C051009B4FFF /* Frameworks */ = {
			isa = PBXFrameworksBuildPhase;
			buildActionMask = 2147483647;
			files = (
				5C5AB597FBB0DEA354C63C2B /* Pods_poochaser.framework in Frameworks */,
			);
			runOnlyForDeploymentPostprocessing = 0;
		};
/* End PBXFrameworksBuildPhase section */

/* Begin PBXGroup section */
		055DAD6AACF1D7289AAB5624 /* Pods */ = {
			isa = PBXGroup;
			children = (
				B391AACC56B197E162360654 /* Pods-poochaser.debug.xcconfig */,
				23B3B21A0A05C50343CE155D /* Pods-poochaser.release.xcconfig */,
			);
			path = Pods;
			sourceTree = "<group>";
		};
		068F0E2A256D66570093C8BD /* StoryBoard */ = {
			isa = PBXGroup;
			children = (
				068F0E2C256D66700093C8BD /* Register.storyboard */,
			);
			path = StoryBoard;
			sourceTree = "<group>";
		};
		068F0E63256D72950093C8BD /* Report */ = {
			isa = PBXGroup;
			children = (
				068F0E65256D72A90093C8BD /* ViewController */,
				068F0E64256D72A00093C8BD /* StoryBoard */,
			);
			path = Report;
			sourceTree = "<group>";
		};
		068F0E64256D72A00093C8BD /* StoryBoard */ = {
			isa = PBXGroup;
			children = (
				068F0EB2256E74080093C8BD /* Report.storyboard */,
			);
			path = StoryBoard;
			sourceTree = "<group>";
		};
		068F0E65256D72A90093C8BD /* ViewController */ = {
			isa = PBXGroup;
			children = (
				96575E4224E3C051009B4FFF /* ViewController.swift */,
				96D5442F24E6B13100C653C1 /* SettingViewController.swift */,
				964101E224EED38100C691C0 /* DailyAddViewController.swift */,
				964101E424EF606200C691C0 /* DailyTableViewCell.swift */,
				96EDFEA724F827C10000FFFB /* DailyDetailViewController.swift */,
				96B9FCA025651585001C2A87 /* CalendarViewController.swift */,
				068F0EBC256E88E50093C8BD /* ReportViewController.swift */,
			);
			path = ViewController;
			sourceTree = "<group>";
		};
		068F0EB5256E75390093C8BD /* Calendar */ = {
			isa = PBXGroup;
			children = (
				068F0EB7256E75530093C8BD /* StoryBoard */,
				068F0EB6256E754C0093C8BD /* ViewController */,
			);
			path = Calendar;
			sourceTree = "<group>";
		};
		068F0EB6256E754C0093C8BD /* ViewController */ = {
			isa = PBXGroup;
			children = (
			);
			path = ViewController;
			sourceTree = "<group>";
		};
		068F0EB7256E75530093C8BD /* StoryBoard */ = {
			isa = PBXGroup;
			children = (
			);
			path = StoryBoard;
			sourceTree = "<group>";
		};
		8FC9A83A35D9AA23095CC2EF /* Frameworks */ = {
			isa = PBXGroup;
			children = (
				74C09E21F18239AA3B48755F /* Pods_poochaser.framework */,
			);
			name = Frameworks;
			sourceTree = "<group>";
		};
		96241E1D24E53F1E001B5948 /* Register */ = {
			isa = PBXGroup;
			children = (
				068F0E2A256D66570093C8BD /* StoryBoard */,
				96241E1E24E53F29001B5948 /* ViewController */,
			);
			path = Register;
			sourceTree = "<group>";
		};
		96241E1E24E53F29001B5948 /* ViewController */ = {
			isa = PBXGroup;
			children = (
				96241E1B24E51E0D001B5948 /* RegisterViewController.swift */,
			);
			path = ViewController;
			sourceTree = "<group>";
		};
		96575E3224E3C051009B4FFF = {
			isa = PBXGroup;
			children = (
				96575E3D24E3C051009B4FFF /* poochaser */,
				96575E3C24E3C051009B4FFF /* Products */,
				055DAD6AACF1D7289AAB5624 /* Pods */,
				8FC9A83A35D9AA23095CC2EF /* Frameworks */,
			);
			sourceTree = "<group>";
		};
		96575E3C24E3C051009B4FFF /* Products */ = {
			isa = PBXGroup;
			children = (
				96575E3B24E3C051009B4FFF /* poochaser.app */,
			);
			name = Products;
			sourceTree = "<group>";
		};
		96575E3D24E3C051009B4FFF /* poochaser */ = {
			isa = PBXGroup;
			children = (
				96575E5424E3C337009B4FFF /* Secene */,
				96575E5324E3C326009B4FFF /* Resource */,
				96575E5224E3C2DE009B4FFF /* Delegate */,
				96575E4924E3C054009B4FFF /* LaunchScreen.storyboard */,
				96575E4C24E3C054009B4FFF /* Info.plist */,
				96EDFEA924FBF1E30000FFFB /* GoogleService-Info.plist */,
			);
			path = poochaser;
			sourceTree = "<group>";
		};
		96575E5224E3C2DE009B4FFF /* Delegate */ = {
			isa = PBXGroup;
			children = (
				96575E3E24E3C051009B4FFF /* AppDelegate.swift */,
				96575E4024E3C051009B4FFF /* SceneDelegate.swift */,
			);
			path = Delegate;
			sourceTree = "<group>";
		};
		96575E5324E3C326009B4FFF /* Resource */ = {
			isa = PBXGroup;
			children = (
				96575E4724E3C054009B4FFF /* Assets.xcassets */,
			);
			path = Resource;
			sourceTree = "<group>";
		};
		96575E5424E3C337009B4FFF /* Secene */ = {
			isa = PBXGroup;
			children = (
				068F0EB5256E75390093C8BD /* Calendar */,
				068F0E63256D72950093C8BD /* Report */,
				96241E1D24E53F1E001B5948 /* Register */,
				96575E5824E3C3C2009B4FFF /* Login */,
				96575E5524E3C35B009B4FFF /* Main */,
			);
			path = Secene;
			sourceTree = "<group>";
		};
		96575E5524E3C35B009B4FFF /* Main */ = {
			isa = PBXGroup;
			children = (
				96575E5724E3C3A1009B4FFF /* ViewController */,
				96575E5624E3C396009B4FFF /* StoryBoard */,
			);
			path = Main;
			sourceTree = "<group>";
		};
		96575E5624E3C396009B4FFF /* StoryBoard */ = {
			isa = PBXGroup;
			children = (
				96575E4424E3C051009B4FFF /* Main.storyboard */,
			);
			path = StoryBoard;
			sourceTree = "<group>";
		};
		96575E5724E3C3A1009B4FFF /* ViewController */ = {
			isa = PBXGroup;
			children = (
				068F0E60256D71560093C8BD /* ForgotPWViewController.swift */,
			);
			path = ViewController;
			sourceTree = "<group>";
		};
		96575E5824E3C3C2009B4FFF /* Login */ = {
			isa = PBXGroup;
			children = (
				96575E6024E3C4C5009B4FFF /* ViewController */,
				96575E5A24E3C3CF009B4FFF /* StoryBoard */,
			);
			path = Login;
			sourceTree = "<group>";
		};
		96575E5A24E3C3CF009B4FFF /* StoryBoard */ = {
			isa = PBXGroup;
			children = (
			);
			path = StoryBoard;
			sourceTree = "<group>";
		};
		96575E6024E3C4C5009B4FFF /* ViewController */ = {
			isa = PBXGroup;
			children = (
				96575E6124E3C4D8009B4FFF /* LoginViewController.swift */,
			);
			path = ViewController;
			sourceTree = "<group>";
		};
/* End PBXGroup section */

/* Begin PBXNativeTarget section */
		96575E3A24E3C051009B4FFF /* poochaser */ = {
			isa = PBXNativeTarget;
			buildConfigurationList = 96575E4F24E3C054009B4FFF /* Build configuration list for PBXNativeTarget "poochaser" */;
			buildPhases = (
				8335C876294D7109E121CFBD /* [CP] Check Pods Manifest.lock */,
				96575E3724E3C051009B4FFF /* Sources */,
				96575E3824E3C051009B4FFF /* Frameworks */,
				96575E3924E3C051009B4FFF /* Resources */,
				9C75115FCF5F3A1493E6FAEA /* [CP] Embed Pods Frameworks */,
			);
			buildRules = (
			);
			dependencies = (
			);
			name = poochaser;
			productName = poochaser;
			productReference = 96575E3B24E3C051009B4FFF /* poochaser.app */;
			productType = "com.apple.product-type.application";
		};
/* End PBXNativeTarget section */

/* Begin PBXProject section */
		96575E3324E3C051009B4FFF /* Project object */ = {
			isa = PBXProject;
			attributes = {
				LastSwiftUpdateCheck = 1130;
				LastUpgradeCheck = 1220;
				ORGANIZATIONNAME = Jeonpangeun;
				TargetAttributes = {
					96575E3A24E3C051009B4FFF = {
						CreatedOnToolsVersion = 11.3.1;
					};
				};
			};
			buildConfigurationList = 96575E3624E3C051009B4FFF /* Build configuration list for PBXProject "poochaser" */;
			compatibilityVersion = "Xcode 9.3";
			developmentRegion = en;
			hasScannedForEncodings = 0;
			knownRegions = (
				en,
				Base,
			);
			mainGroup = 96575E3224E3C051009B4FFF;
			productRefGroup = 96575E3C24E3C051009B4FFF /* Products */;
			projectDirPath = "";
			projectRoot = "";
			targets = (
				96575E3A24E3C051009B4FFF /* poochaser */,
			);
		};
/* End PBXProject section */

/* Begin PBXResourcesBuildPhase section */
		96575E3924E3C051009B4FFF /* Resources */ = {
			isa = PBXResourcesBuildPhase;
			buildActionMask = 2147483647;
			files = (
				96575E4B24E3C054009B4FFF /* LaunchScreen.storyboard in Resources */,
				96EDFEAA24FBF1E30000FFFB /* GoogleService-Info.plist in Resources */,
				068F0EB3256E74080093C8BD /* Report.storyboard in Resources */,
				96575E4824E3C054009B4FFF /* Assets.xcassets in Resources */,
				96575E4624E3C051009B4FFF /* Main.storyboard in Resources */,
				068F0E2D256D66700093C8BD /* Register.storyboard in Resources */,
			);
			runOnlyForDeploymentPostprocessing = 0;
		};
/* End PBXResourcesBuildPhase section */

/* Begin PBXShellScriptBuildPhase section */
		8335C876294D7109E121CFBD /* [CP] Check Pods Manifest.lock */ = {
			isa = PBXShellScriptBuildPhase;
			buildActionMask = 2147483647;
			files = (
			);
			inputFileListPaths = (
			);
			inputPaths = (
				"${PODS_PODFILE_DIR_PATH}/Podfile.lock",
				"${PODS_ROOT}/Manifest.lock",
			);
			name = "[CP] Check Pods Manifest.lock";
			outputFileListPaths = (
			);
			outputPaths = (
				"$(DERIVED_FILE_DIR)/Pods-poochaser-checkManifestLockResult.txt",
			);
			runOnlyForDeploymentPostprocessing = 0;
			shellPath = /bin/sh;
			shellScript = "diff \"${PODS_PODFILE_DIR_PATH}/Podfile.lock\" \"${PODS_ROOT}/Manifest.lock\" > /dev/null\nif [ $? != 0 ] ; then\n    # print error to STDERR\n    echo \"error: The sandbox is not in sync with the Podfile.lock. Run 'pod install' or update your CocoaPods installation.\" >&2\n    exit 1\nfi\n# This output is used by Xcode 'outputs' to avoid re-running this script phase.\necho \"SUCCESS\" > \"${SCRIPT_OUTPUT_FILE_0}\"\n";
			showEnvVarsInLog = 0;
		};
		9C75115FCF5F3A1493E6FAEA /* [CP] Embed Pods Frameworks */ = {
			isa = PBXShellScriptBuildPhase;
			buildActionMask = 2147483647;
			files = (
			);
			inputFileListPaths = (
				"${PODS_ROOT}/Target Support Files/Pods-poochaser/Pods-poochaser-frameworks-${CONFIGURATION}-input-files.xcfilelist",
			);
			name = "[CP] Embed Pods Frameworks";
			outputFileListPaths = (
				"${PODS_ROOT}/Target Support Files/Pods-poochaser/Pods-poochaser-frameworks-${CONFIGURATION}-output-files.xcfilelist",
			);
			runOnlyForDeploymentPostprocessing = 0;
			shellPath = /bin/sh;
			shellScript = "\"${PODS_ROOT}/Target Support Files/Pods-poochaser/Pods-poochaser-frameworks.sh\"\n";
			showEnvVarsInLog = 0;
		};
/* End PBXShellScriptBuildPhase section */

/* Begin PBXSourcesBuildPhase section */
		96575E3724E3C051009B4FFF /* Sources */ = {
			isa = PBXSourcesBuildPhase;
			buildActionMask = 2147483647;
			files = (
				96B9FCA125651585001C2A87 /* CalendarViewController.swift in Sources */,
				068F0EBD256E88E50093C8BD /* ReportViewController.swift in Sources */,
				96241E1C24E51E0D001B5948 /* RegisterViewController.swift in Sources */,
				964101E524EF606200C691C0 /* DailyTableViewCell.swift in Sources */,
				96575E6224E3C4D8009B4FFF /* LoginViewController.swift in Sources */,
				068F0E61256D71560093C8BD /* ForgotPWViewController.swift in Sources */,
				96575E4324E3C051009B4FFF /* ViewController.swift in Sources */,
				96575E3F24E3C051009B4FFF /* AppDelegate.swift in Sources */,
				96575E4124E3C051009B4FFF /* SceneDelegate.swift in Sources */,
				964101E324EED38100C691C0 /* DailyAddViewController.swift in Sources */,
				96D5443024E6B13100C653C1 /* SettingViewController.swift in Sources */,
				96EDFEA824F827C10000FFFB /* DailyDetailViewController.swift in Sources */,
			);
			runOnlyForDeploymentPostprocessing = 0;
		};
/* End PBXSourcesBuildPhase section */

/* Begin PBXVariantGroup section */
		96575E4424E3C051009B4FFF /* Main.storyboard */ = {
			isa = PBXVariantGroup;
			children = (
				96575E4524E3C051009B4FFF /* Base */,
			);
			name = Main.storyboard;
			sourceTree = "<group>";
		};
		96575E4924E3C054009B4FFF /* LaunchScreen.storyboard */ = {
			isa = PBXVariantGroup;
			children = (
				96575E4A24E3C054009B4FFF /* Base */,
			);
			name = LaunchScreen.storyboard;
			sourceTree = "<group>";
		};
/* End PBXVariantGroup section */

/* Begin XCBuildConfiguration section */
		96575E4D24E3C054009B4FFF /* Debug */ = {
			isa = XCBuildConfiguration;
			buildSettings = {
				ALWAYS_SEARCH_USER_PATHS = NO;
				CLANG_ANALYZER_NONNULL = YES;
				CLANG_ANALYZER_NUMBER_OBJECT_CONVERSION = YES_AGGRESSIVE;
				CLANG_CXX_LANGUAGE_STANDARD = "gnu++14";
				CLANG_CXX_LIBRARY = "libc++";
				CLANG_ENABLE_MODULES = YES;
				CLANG_ENABLE_OBJC_ARC = YES;
				CLANG_ENABLE_OBJC_WEAK = YES;
				CLANG_WARN_BLOCK_CAPTURE_AUTORELEASING = YES;
				CLANG_WARN_BOOL_CONVERSION = YES;
				CLANG_WARN_COMMA = YES;
				CLANG_WARN_CONSTANT_CONVERSION = YES;
				CLANG_WARN_DEPRECATED_OBJC_IMPLEMENTATIONS = YES;
				CLANG_WARN_DIRECT_OBJC_ISA_USAGE = YES_ERROR;
				CLANG_WARN_DOCUMENTATION_COMMENTS = YES;
				CLANG_WARN_EMPTY_BODY = YES;
				CLANG_WARN_ENUM_CONVERSION = YES;
				CLANG_WARN_INFINITE_RECURSION = YES;
				CLANG_WARN_INT_CONVERSION = YES;
				CLANG_WARN_NON_LITERAL_NULL_CONVERSION = YES;
				CLANG_WARN_OBJC_IMPLICIT_RETAIN_SELF = YES;
				CLANG_WARN_OBJC_LITERAL_CONVERSION = YES;
				CLANG_WARN_OBJC_ROOT_CLASS = YES_ERROR;
				CLANG_WARN_QUOTED_INCLUDE_IN_FRAMEWORK_HEADER = YES;
				CLANG_WARN_RANGE_LOOP_ANALYSIS = YES;
				CLANG_WARN_STRICT_PROTOTYPES = YES;
				CLANG_WARN_SUSPICIOUS_MOVE = YES;
				CLANG_WARN_UNGUARDED_AVAILABILITY = YES_AGGRESSIVE;
				CLANG_WARN_UNREACHABLE_CODE = YES;
				CLANG_WARN__DUPLICATE_METHOD_MATCH = YES;
				COPY_PHASE_STRIP = NO;
				DEBUG_INFORMATION_FORMAT = dwarf;
				ENABLE_STRICT_OBJC_MSGSEND = YES;
				ENABLE_TESTABILITY = YES;
				GCC_C_LANGUAGE_STANDARD = gnu11;
				GCC_DYNAMIC_NO_PIC = NO;
				GCC_NO_COMMON_BLOCKS = YES;
				GCC_OPTIMIZATION_LEVEL = 0;
				GCC_PREPROCESSOR_DEFINITIONS = (
					"DEBUG=1",
					"$(inherited)",
				);
				GCC_WARN_64_TO_32_BIT_CONVERSION = YES;
				GCC_WARN_ABOUT_RETURN_TYPE = YES_ERROR;
				GCC_WARN_UNDECLARED_SELECTOR = YES;
				GCC_WARN_UNINITIALIZED_AUTOS = YES_AGGRESSIVE;
				GCC_WARN_UNUSED_FUNCTION = YES;
				GCC_WARN_UNUSED_VARIABLE = YES;
				IPHONEOS_DEPLOYMENT_TARGET = 13.2;
				MTL_ENABLE_DEBUG_INFO = INCLUDE_SOURCE;
				MTL_FAST_MATH = YES;
				ONLY_ACTIVE_ARCH = YES;
				SDKROOT = iphoneos;
				SWIFT_ACTIVE_COMPILATION_CONDITIONS = DEBUG;
				SWIFT_OPTIMIZATION_LEVEL = "-Onone";
			};
			name = Debug;
		};
		96575E4E24E3C054009B4FFF /* Release */ = {
			isa = XCBuildConfiguration;
			buildSettings = {
				ALWAYS_SEARCH_USER_PATHS = NO;
				CLANG_ANALYZER_NONNULL = YES;
				CLANG_ANALYZER_NUMBER_OBJECT_CONVERSION = YES_AGGRESSIVE;
				CLANG_CXX_LANGUAGE_STANDARD = "gnu++14";
				CLANG_CXX_LIBRARY = "libc++";
				CLANG_ENABLE_MODULES = YES;
				CLANG_ENABLE_OBJC_ARC = YES;
				CLANG_ENABLE_OBJC_WEAK = YES;
				CLANG_WARN_BLOCK_CAPTURE_AUTORELEASING = YES;
				CLANG_WARN_BOOL_CONVERSION = YES;
				CLANG_WARN_COMMA = YES;
				CLANG_WARN_CONSTANT_CONVERSION = YES;
				CLANG_WARN_DEPRECATED_OBJC_IMPLEMENTATIONS = YES;
				CLANG_WARN_DIRECT_OBJC_ISA_USAGE = YES_ERROR;
				CLANG_WARN_DOCUMENTATION_COMMENTS = YES;
				CLANG_WARN_EMPTY_BODY = YES;
				CLANG_WARN_ENUM_CONVERSION = YES;
				CLANG_WARN_INFINITE_RECURSION = YES;
				CLANG_WARN_INT_CONVERSION = YES;
				CLANG_WARN_NON_LITERAL_NULL_CONVERSION = YES;
				CLANG_WARN_OBJC_IMPLICIT_RETAIN_SELF = YES;
				CLANG_WARN_OBJC_LITERAL_CONVERSION = YES;
				CLANG_WARN_OBJC_ROOT_CLASS = YES_ERROR;
				CLANG_WARN_QUOTED_INCLUDE_IN_FRAMEWORK_HEADER = YES;
				CLANG_WARN_RANGE_LOOP_ANALYSIS = YES;
				CLANG_WARN_STRICT_PROTOTYPES = YES;
				CLANG_WARN_SUSPICIOUS_MOVE = YES;
				CLANG_WARN_UNGUARDED_AVAILABILITY = YES_AGGRESSIVE;
				CLANG_WARN_UNREACHABLE_CODE = YES;
				CLANG_WARN__DUPLICATE_METHOD_MATCH = YES;
				COPY_PHASE_STRIP = NO;
				DEBUG_INFORMATION_FORMAT = "dwarf-with-dsym";
				ENABLE_NS_ASSERTIONS = NO;
				ENABLE_STRICT_OBJC_MSGSEND = YES;
				GCC_C_LANGUAGE_STANDARD = gnu11;
				GCC_NO_COMMON_BLOCKS = YES;
				GCC_WARN_64_TO_32_BIT_CONVERSION = YES;
				GCC_WARN_ABOUT_RETURN_TYPE = YES_ERROR;
				GCC_WARN_UNDECLARED_SELECTOR = YES;
				GCC_WARN_UNINITIALIZED_AUTOS = YES_AGGRESSIVE;
				GCC_WARN_UNUSED_FUNCTION = YES;
				GCC_WARN_UNUSED_VARIABLE = YES;
				IPHONEOS_DEPLOYMENT_TARGET = 13.2;
				MTL_ENABLE_DEBUG_INFO = NO;
				MTL_FAST_MATH = YES;
				SDKROOT = iphoneos;
				SWIFT_COMPILATION_MODE = wholemodule;
				SWIFT_OPTIMIZATION_LEVEL = "-O";
				VALIDATE_PRODUCT = YES;
			};
			name = Release;
		};
		96575E5024E3C054009B4FFF /* Debug */ = {
			isa = XCBuildConfiguration;
			baseConfigurationReference = B391AACC56B197E162360654 /* Pods-poochaser.debug.xcconfig */;
			buildSettings = {
				ASSETCATALOG_COMPILER_APPICON_NAME = AppIcon;
				CODE_SIGN_STYLE = Automatic;
				DEVELOPMENT_TEAM = RKSNRHW63A;
				INFOPLIST_FILE = poochaser/Info.plist;
				LD_RUNPATH_SEARCH_PATHS = (
					"$(inherited)",
					"@executable_path/Frameworks",
				);
				PRODUCT_BUNDLE_IDENTIFIER = com.poochaser.poochaser;
				PRODUCT_NAME = "$(TARGET_NAME)";
				SWIFT_VERSION = 5.0;
				TARGETED_DEVICE_FAMILY = "1,2";
			};
			name = Debug;
		};
		96575E5124E3C054009B4FFF /* Release */ = {
			isa = XCBuildConfiguration;
			baseConfigurationReference = 23B3B21A0A05C50343CE155D /* Pods-poochaser.release.xcconfig */;
			buildSettings = {
				ASSETCATALOG_COMPILER_APPICON_NAME = AppIcon;
				CODE_SIGN_STYLE = Automatic;
				DEVELOPMENT_TEAM = RKSNRHW63A;
				INFOPLIST_FILE = poochaser/Info.plist;
				LD_RUNPATH_SEARCH_PATHS = (
					"$(inherited)",
					"@executable_path/Frameworks",
				);
				PRODUCT_BUNDLE_IDENTIFIER = com.poochaser.poochaser;
				PRODUCT_NAME = "$(TARGET_NAME)";
				SWIFT_VERSION = 5.0;
				TARGETED_DEVICE_FAMILY = "1,2";
			};
			name = Release;
		};
/* End XCBuildConfiguration section */

/* Begin XCConfigurationList section */
		96575E3624E3C051009B4FFF /* Build configuration list for PBXProject "poochaser" */ = {
			isa = XCConfigurationList;
			buildConfigurations = (
				96575E4D24E3C054009B4FFF /* Debug */,
				96575E4E24E3C054009B4FFF /* Release */,
			);
			defaultConfigurationIsVisible = 0;
			defaultConfigurationName = Release;
		};
		96575E4F24E3C054009B4FFF /* Build configuration list for PBXNativeTarget "poochaser" */ = {
			isa = XCConfigurationList;
			buildConfigurations = (
				96575E5024E3C054009B4FFF /* Debug */,
				96575E5124E3C054009B4FFF /* Release */,
			);
			defaultConfigurationIsVisible = 0;
			defaultConfigurationName = Release;
		};
/* End XCConfigurationList section */
	};
	rootObject = 96575E3324E3C051009B4FFF /* Project object */;
}
